
Microsoft Visual Studio Solution File, Format Version 12.00
Project("{FAE04EC0-301F-11D3-BF4B-00C04F79EFBC}") = "Space Invaders", "Space Invaders\Space Invaders.csproj", "{B588A034-D85C-40F9-B17B-09DE2B57C39D}"
EndProject
Project("{FAE04EC0-301F-11D3-BF4B-00C04F79EFBC}") = "SpaceInvaders.Core", "SpaceInvaders.Core\SpaceInvaders.Core.csproj", "{459C0EB3-2818-4BE7-8292-3BCEDB6B7298}"
EndProject
Project("{FAE04EC0-301F-11D3-BF4B-00C04F79EFBC}") = "SpaceInvaders.Wpf", "SpaceInvaders.Wpf\SpaceInvaders.Wpf.csproj", "{5E9C8C2E-5DEC-4CBB-98CF-2490F53407EB}"
EndProject
Global
	GlobalSection(SolutionConfigurationPlatforms) = preSolution
		Debug|Any CPU = Debug|Any CPU
		Debug|x64 = Debug|x64
		Debug|x86 = Debug|x86
		Release|Any CPU = Release|Any CPU
		Release|x64 = Release|x64
		Release|x86 = Release|x86
	EndGlobalSection
	GlobalSection(ProjectConfigurationPlatforms) = postSolution
		{B588A034-D85C-40F9-B17B-09DE2B57C39D}.Debug|Any CPU.ActiveCfg = Debug|Any CPU
		{B588A034-D85C-40F9-B17B-09DE2B57C39D}.Debug|Any CPU.Build.0 = Debug|Any CPU
		{B588A034-D85C-40F9-B17B-09DE2B57C39D}.Debug|x64.ActiveCfg = Debug|Any CPU
		{B588A034-D85C-40F9-B17B-09DE2B57C39D}.Debug|x64.Build.0 = Debug|Any CPU
		{B588A034-D85C-40F9-B17B-09DE2B57C39D}.Debug|x86.ActiveCfg = Debug|Any CPU
		{B588A034-D85C-40F9-B17B-09DE2B57C39D}.Debug|x86.Build.0 = Debug|Any CPU
		{B588A034-D85C-40F9-B17B-09DE2B57C39D}.Release|Any CPU.ActiveCfg = Release|Any CPU
		{B588A034-D85C-40F9-B17B-09DE2B57C39D}.Release|Any CPU.Build.0 = Release|Any CPU
		{B588A034-D85C-40F9-B17B-09DE2B57C39D}.Release|x64.ActiveCfg = Release|Any CPU
		{B588A034-D85C-40F9-B17B-09DE2B57C39D}.Release|x64.Build.0 = Release|Any CPU
		{B588A034-D85C-40F9-B17B-09DE2B57C39D}.Release|x86.ActiveCfg = Release|Any CPU
		{B588A034-D85C-40F9-B17B-09DE2B57C39D}.Release|x86.Build.0 = Release|Any CPU
		{459C0EB3-2818-4BE7-8292-3BCEDB6B7298}.Debug|Any CPU.ActiveCfg = Debug|Any CPU
		{459C0EB3-2818-4BE7-8292-3BCEDB6B7298}.Debug|Any CPU.Build.0 = Debug|Any CPU
		{459C0EB3-2818-4BE7-8292-3BCEDB6B7298}.Debug|x64.ActiveCfg = Debug|Any CPU
		{459C0EB3-2818-4BE7-8292-3BCEDB6B7298}.Debug|x64.Build.0 = Debug|Any CPU
		{459C0EB3-2818-4BE7-8292-3BCEDB6B7298}.Debug|x86.ActiveCfg = Debug|Any CPU
		{459C0EB3-2818-4BE7-8292-3BCEDB6B7298}.Debug|x86.Build.0 = Debug|Any CPU
		{459C0EB3-2818-4BE7-8292-3BCEDB6B7298}.Release|Any CPU.ActiveCfg = Release|Any CPU
		{459C0EB3-2818-4BE7-8292-3BCEDB6B7298}.Release|Any CPU.Build.0 = Release|Any CPU
		{459C0EB3-2818-4BE7-8292-3BCEDB6B7298}.Release|x64.ActiveCfg = Release|Any CPU
		{459C0EB3-2818-4BE7-8292-3BCEDB6B7298}.Release|x64.Build.0 = Release|Any CPU
		{459C0EB3-2818-4BE7-8292-3BCEDB6B7298}.Release|x86.ActiveCfg = Release|Any CPU
		{459C0EB3-2818-4BE7-8292-3BCEDB6B7298}.Release|x86.Build.0 = Release|Any CPU
		{5E9C8C2E-5DEC-4CBB-98CF-2490F53407EB}.Debug|Any CPU.ActiveCfg = Debug|Any CPU
		{5E9C8C2E-5DEC-4CBB-98CF-2490F53407EB}.Debug|Any CPU.Build.0 = Debug|Any CPU
		{5E9C8C2E-5DEC-4CBB-98CF-2490F53407EB}.Debug|x64.ActiveCfg = Debug|Any CPU
		{5E9C8C2E-5DEC-4CBB-98CF-2490F53407EB}.Debug|x64.Build.0 = Debug|Any CPU
		{5E9C8C2E-5DEC-4CBB-98CF-2490F53407EB}.Debug|x86.ActiveCfg = Debug|Any CPU
		{5E9C8C2E-5DEC-4CBB-98CF-2490F53407EB}.Debug|x86.Build.0 = Debug|Any CPU
		{5E9C8C2E-5DEC-4CBB-98CF-2490F53407EB}.Release|Any CPU.ActiveCfg = Release|Any CPU
		{5E9C8C2E-5DEC-4CBB-98CF-2490F53407EB}.Release|Any CPU.Build.0 = Release|Any CPU
		{5E9C8C2E-5DEC-4CBB-98CF-2490F53407EB}.Release|x64.ActiveCfg = Release|Any CPU
		{5E9C8C2E-5DEC-4CBB-98CF-2490F53407EB}.Release|x64.Build.0 = Release|Any CPU
		{5E9C8C2E-5DEC-4CBB-98CF-2490F53407EB}.Release|x86.ActiveCfg = Release|Any CPU
		{5E9C8C2E-5DEC-4CBB-98CF-2490F53407EB}.Release|x86.Build.0 = Release|Any CPU
	EndGlobalSection
	GlobalSection(SolutionProperties) = preSolution
		HideSolutionNode = FALSE
	EndGlobalSection
EndGlobal
